
Microsoft Visual Studio Solution File, Format Version 12.00
# Visual Studio 15
VisualStudioVersion = 15.0.28307.136
MinimumVisualStudioVersion = 10.0.40219.1
Project("{FAE04EC0-301F-11D3-BF4B-00C04F79EFBC}") = "TypingGame", "TypingGame\TypingGame.csproj", "{586EE2EC-83DC-4DD7-BE7F-7E1BD761DCA9}"
EndProject
Global
	GlobalSection(SolutionConfigurationPlatforms) = preSolution
		Debug|Any CPU = Debug|Any CPU
		Release|Any CPU = Release|Any CPU
	EndGlobalSection
	GlobalSection(ProjectConfigurationPlatforms) = postSolution
		{586EE2EC-83DC-4DD7-BE7F-7E1BD761DCA9}.Debug|Any CPU.ActiveCfg = Debug|Any CPU
		{586EE2EC-83DC-4DD7-BE7F-7E1BD761DCA9}.Debug|Any CPU.Build.0 = Debug|Any CPU
		{586EE2EC-83DC-4DD7-BE7F-7E1BD761DCA9}.Release|Any CPU.ActiveCfg = Release|Any CPU
		{586EE2EC-83DC-4DD7-BE7F-7E1BD761DCA9}.Release|Any CPU.Build.0 = Release|Any CPU
	EndGlobalSection
	GlobalSection(SolutionProperties) = preSolution
		HideSolutionNode = FALSE
	EndGlobalSection
	GlobalSection(ExtensibilityGlobals) = postSolution
		SolutionGuid = {87CB9494-071F-4394-8994-5FA9ECBCE517}
	EndGlobalSection
EndGlobal
